
Microsoft Visual Studio Solution File, Format Version 12.00
# Visual Studio 15
VisualStudioVersion = 15.0.27703.2026
MinimumVisualStudioVersion = 10.0.40219.1
Project("{8BC9CEB8-8B4A-11D0-8D11-00A0C91BC942}") = "DBUchiwake", "UCHIWAKE\UCHIWAKE.vcxproj", "{92C48212-0079-410D-A748-FB9D41209691}"
EndProject
Project("{8BC9CEB8-8B4A-11D0-8D11-00A0C91BC942}") = "ZIM15_UCHIIMP", "UCHIIMP\UCHIIMP.vcxproj", "{134D3E8F-36DB-4028-A579-EC02BA48FE1E}"
EndProject
Global
	GlobalSection(SolutionConfigurationPlatforms) = preSolution
		Debug|Win32 = Debug|Win32
		Release|Win32 = Release|Win32
	EndGlobalSection
	GlobalSection(ProjectConfigurationPlatforms) = postSolution
		{92C48212-0079-410D-A748-FB9D41209691}.Debug|Win32.ActiveCfg = Debug|Win32
		{92C48212-0079-410D-A748-FB9D41209691}.Debug|Win32.Build.0 = Debug|Win32
		{92C48212-0079-410D-A748-FB9D41209691}.Release|Win32.ActiveCfg = Release|Win32
		{92C48212-0079-410D-A748-FB9D41209691}.Release|Win32.Build.0 = Release|Win32
		{134D3E8F-36DB-4028-A579-EC02BA48FE1E}.Debug|Win32.ActiveCfg = Debug|Win32
		{134D3E8F-36DB-4028-A579-EC02BA48FE1E}.Debug|Win32.Build.0 = Debug|Win32
		{134D3E8F-36DB-4028-A579-EC02BA48FE1E}.Release|Win32.ActiveCfg = Release|Win32
		{134D3E8F-36DB-4028-A579-EC02BA48FE1E}.Release|Win32.Build.0 = Release|Win32
	EndGlobalSection
	GlobalSection(SolutionProperties) = preSolution
		HideSolutionNode = FALSE
	EndGlobalSection
	GlobalSection(ExtensibilityGlobals) = postSolution
		SolutionGuid = {D78C3FF8-1DB0-4826-B0D4-88F0516312EC}
	EndGlobalSection
EndGlobal
