<?xml version="1.0" encoding="utf-8"?>
<Project ToolsVersion="4.0" xmlns="http://schemas.microsoft.com/developer/msbuild/2003">
  <ItemGroup>
    <Filter Include="ソース ファイル">
      <UniqueIdentifier>{4FC737F1-C7A5-4376-A066-2A32D752A2FF}</UniqueIdentifier>
      <Extensions>cpp;c;cc;cxx;def;odl;idl;hpj;bat;asm;asmx</Extensions>
    </Filter>
    <Filter Include="ソース ファイル\SyzrefundDB">
      <UniqueIdentifier>{23e92271-caa8-45a4-bffb-54d531af0747}</UniqueIdentifier>
    </Filter>
    <Filter Include="ヘッダー ファイル">
      <UniqueIdentifier>{93995380-89BD-4b04-88EB-625FBE52EBFB}</UniqueIdentifier>
      <Extensions>h;hpp;hxx;hm;inl;inc;xsd</Extensions>
    </Filter>
    <Filter Include="ヘッダー ファイル\SyzrefundDB">
      <UniqueIdentifier>{3fabbaa2-000b-47bd-a15d-56b38579e5e7}</UniqueIdentifier>
    </Filter>
    <Filter Include="リソース ファイル">
      <UniqueIdentifier>{67DA6AB6-F800-4c08-8B7A-83BB121AAD01}</UniqueIdentifier>
      <Extensions>rc;ico;cur;bmp;dlg;rc2;rct;bin;rgs;gif;jpg;jpeg;jpe;resx;tiff;tif;png;wav</Extensions>
    </Filter>
  </ItemGroup>
  <ItemGroup>
    <ClCompile Include="ChangeTax.cpp">
      <Filter>ソース ファイル</Filter>
    </ClCompile>
    <ClCompile Include="ChangeTaxEx.cpp">
      <Filter>ソース ファイル</Filter>
    </ClCompile>
    <ClCompile Include="DBSyz26.cpp">
      <Filter>ソース ファイル</Filter>
    </ClCompile>
    <ClCompile Include="ExEdit.cpp">
      <Filter>ソース ファイル</Filter>
    </ClCompile>
    <ClCompile Include="H26HyoDoc.cpp">
      <Filter>ソース ファイル</Filter>
    </ClCompile>
    <ClCompile Include="H26HyoPrint.cpp">
      <Filter>ソース ファイル</Filter>
    </ClCompile>
    <ClCompile Include="H26HyoView.cpp">
      <Filter>ソース ファイル</Filter>
    </ClCompile>
    <ClCompile Include="H26SnKskData.cpp">
      <Filter>ソース ファイル</Filter>
    </ClCompile>
    <ClCompile Include="icsdbedt8ctrl1.cpp">
      <Filter>ソース ファイル</Filter>
    </ClCompile>
    <ClCompile Include="icsdiagctrl.cpp">
      <Filter>ソース ファイル</Filter>
    </ClCompile>
    <ClCompile Include="icsdisp8ctrl1.cpp">
      <Filter>ソース ファイル</Filter>
    </ClCompile>
    <ClCompile Include="PrePrint.cpp">
      <Filter>ソース ファイル</Filter>
    </ClCompile>
    <ClCompile Include="PrePrint2.cpp">
      <Filter>ソース ファイル</Filter>
    </ClCompile>
    <ClCompile Include="PrnReportDlg.cpp">
      <Filter>ソース ファイル</Filter>
    </ClCompile>
    <ClCompile Include="RefundBaseDialog.cpp">
      <Filter>ソース ファイル</Filter>
    </ClCompile>
    <ClCompile Include="ShinChsk.cpp">
      <Filter>ソース ファイル</Filter>
    </ClCompile>
    <ClCompile Include="ShinChskEX.cpp">
      <Filter>ソース ファイル</Filter>
    </ClCompile>
    <ClCompile Include="ShinCom.cpp">
      <Filter>ソース ファイル</Filter>
    </ClCompile>
    <ClCompile Include="ShinFhyo10.cpp">
      <Filter>ソース ファイル</Filter>
    </ClCompile>
    <ClCompile Include="ShinFhyo10Calq.cpp">
      <Filter>ソース ファイル</Filter>
    </ClCompile>
    <ClCompile Include="ShinFhyo10EX.cpp">
      <Filter>ソース ファイル</Filter>
    </ClCompile>
    <ClCompile Include="ShinFhyo10EXCalq.cpp">
      <Filter>ソース ファイル</Filter>
    </ClCompile>
    <ClCompile Include="ShinFhyo20.cpp">
      <Filter>ソース ファイル</Filter>
    </ClCompile>
    <ClCompile Include="ShinFhyo20Calq.cpp">
      <Filter>ソース ファイル</Filter>
    </ClCompile>
    <ClCompile Include="ShinFhyo20EX.cpp">
      <Filter>ソース ファイル</Filter>
    </ClCompile>
    <ClCompile Include="ShinFhyo20EXCalq.cpp">
      <Filter>ソース ファイル</Filter>
    </ClCompile>
    <ClCompile Include="ShinFhyo22.cpp">
      <Filter>ソース ファイル</Filter>
    </ClCompile>
    <ClCompile Include="ShinFhyo22Calq.cpp">
      <Filter>ソース ファイル</Filter>
    </ClCompile>
    <ClCompile Include="ShinFhyo22EX.cpp">
      <Filter>ソース ファイル</Filter>
    </ClCompile>
    <ClCompile Include="ShinFhyo22EXCalq.cpp">
      <Filter>ソース ファイル</Filter>
    </ClCompile>
    <ClCompile Include="ShinFhyo40.cpp">
      <Filter>ソース ファイル</Filter>
    </ClCompile>
    <ClCompile Include="ShinFhyo40Calq.cpp">
      <Filter>ソース ファイル</Filter>
    </ClCompile>
    <ClCompile Include="ShinFhyo40EX.cpp">
      <Filter>ソース ファイル</Filter>
    </ClCompile>
    <ClCompile Include="ShinFhyo40EXCalq.cpp">
      <Filter>ソース ファイル</Filter>
    </ClCompile>
    <ClCompile Include="ShinFhyo50.cpp">
      <Filter>ソース ファイル</Filter>
    </ClCompile>
    <ClCompile Include="ShinFhyo50Calq.cpp">
      <Filter>ソース ファイル</Filter>
    </ClCompile>
    <ClCompile Include="ShinFhyo50EX.cpp">
      <Filter>ソース ファイル</Filter>
    </ClCompile>
    <ClCompile Include="ShinFhyo50EXCalq.cpp">
      <Filter>ソース ファイル</Filter>
    </ClCompile>
    <ClCompile Include="ShinFhyo52.cpp">
      <Filter>ソース ファイル</Filter>
    </ClCompile>
    <ClCompile Include="ShinFhyo522.cpp">
      <Filter>ソース ファイル</Filter>
    </ClCompile>
    <ClCompile Include="ShinFhyo522Calq.cpp">
      <Filter>ソース ファイル</Filter>
    </ClCompile>
    <ClCompile Include="ShinFhyo522EX.cpp">
      <Filter>ソース ファイル</Filter>
    </ClCompile>
    <ClCompile Include="ShinFhyo522EXCalq.cpp">
      <Filter>ソース ファイル</Filter>
    </ClCompile>
    <ClCompile Include="ShinFhyo52Calq.cpp">
      <Filter>ソース ファイル</Filter>
    </ClCompile>
    <ClCompile Include="ShinFhyo52EX.cpp">
      <Filter>ソース ファイル</Filter>
    </ClCompile>
    <ClCompile Include="ShinFhyo52EXCalq.cpp">
      <Filter>ソース ファイル</Filter>
    </ClCompile>
    <ClCompile Include="ShinHjnKsk.cpp">
      <Filter>ソース ファイル</Filter>
    </ClCompile>
    <ClCompile Include="ShinHjnKskEX.cpp">
      <Filter>ソース ファイル</Filter>
    </ClCompile>
    <ClCompile Include="ShinIppan.cpp">
      <Filter>ソース ファイル</Filter>
    </ClCompile>
    <ClCompile Include="ShinIppanCalq.cpp">
      <Filter>ソース ファイル</Filter>
    </ClCompile>
    <ClCompile Include="ShinIppanEX.cpp">
      <Filter>ソース ファイル</Filter>
    </ClCompile>
    <ClCompile Include="ShinIppanEXCalq.cpp">
      <Filter>ソース ファイル</Filter>
    </ClCompile>
    <ClCompile Include="ShinKani.cpp">
      <Filter>ソース ファイル</Filter>
    </ClCompile>
    <ClCompile Include="ShinKaniCalq.cpp">
      <Filter>ソース ファイル</Filter>
    </ClCompile>
    <ClCompile Include="ShinKaniEX.cpp">
      <Filter>ソース ファイル</Filter>
    </ClCompile>
    <ClCompile Include="ShinKaniEX2.cpp">
      <Filter>ソース ファイル</Filter>
    </ClCompile>
    <ClCompile Include="ShinKaniEX2Calq.cpp">
      <Filter>ソース ファイル</Filter>
    </ClCompile>
    <ClCompile Include="ShinKaniEXCalq.cpp">
      <Filter>ソース ファイル</Filter>
    </ClCompile>
    <ClCompile Include="ShinKjnKsk.cpp">
      <Filter>ソース ファイル</Filter>
    </ClCompile>
    <ClCompile Include="ShinKjnKskEX.cpp">
      <Filter>ソース ファイル</Filter>
    </ClCompile>
    <ClCompile Include="ShinKskRnd.cpp">
      <Filter>ソース ファイル</Filter>
    </ClCompile>
    <ClCompile Include="stdafx.cpp">
      <Filter>ソース ファイル</Filter>
    </ClCompile>
    <ClCompile Include="SyzBaseDlg.cpp">
      <Filter>ソース ファイル</Filter>
    </ClCompile>
    <ClCompile Include="TKUtiwake.cpp">
      <Filter>ソース ファイル</Filter>
    </ClCompile>
    <ClCompile Include="TKUtiwakeCalq.cpp">
      <Filter>ソース ファイル</Filter>
    </ClCompile>
    <ClCompile Include="SyzrefundDB\DiagCtlKotei.cpp">
      <Filter>ソース ファイル\SyzrefundDB</Filter>
    </ClCompile>
    <ClCompile Include="SyzrefundDB\DiagCtlMeisai.cpp">
      <Filter>ソース ファイル\SyzrefundDB</Filter>
    </ClCompile>
    <ClCompile Include="SyzrefundDB\DiagCtlRiyuu.cpp">
      <Filter>ソース ファイル\SyzrefundDB</Filter>
    </ClCompile>
    <ClCompile Include="SyzrefundDB\DiagCtlShiire.cpp">
      <Filter>ソース ファイル\SyzrefundDB</Filter>
    </ClCompile>
    <ClCompile Include="SyzrefundDB\DiagCtlShiireHo.cpp">
      <Filter>ソース ファイル\SyzrefundDB</Filter>
    </ClCompile>
    <ClCompile Include="SyzrefundDB\DiagCtlShiireKo.cpp">
      <Filter>ソース ファイル\SyzrefundDB</Filter>
    </ClCompile>
    <ClCompile Include="SyzrefundDB\DiagCtlTokusyu.cpp">
      <Filter>ソース ファイル\SyzrefundDB</Filter>
    </ClCompile>
    <ClCompile Include="SyzrefundDB\DiagCtlTorihiki.cpp">
      <Filter>ソース ファイル\SyzrefundDB</Filter>
    </ClCompile>
    <ClCompile Include="SyzrefundDB\DiagCtlYsMeisai.cpp">
      <Filter>ソース ファイル\SyzrefundDB</Filter>
    </ClCompile>
    <ClCompile Include="SyzrefundDB\DiagCtlYusyutsu.cpp">
      <Filter>ソース ファイル\SyzrefundDB</Filter>
    </ClCompile>
    <ClCompile Include="SyzrefundDB\H26SnRefundData.cpp">
      <Filter>ソース ファイル\SyzrefundDB</Filter>
    </ClCompile>
    <ClCompile Include="SyzrefundDB\ShinRefundHjn01.cpp">
      <Filter>ソース ファイル\SyzrefundDB</Filter>
    </ClCompile>
    <ClCompile Include="SyzrefundDB\ShinRefundHjn02.cpp">
      <Filter>ソース ファイル\SyzrefundDB</Filter>
    </ClCompile>
    <ClCompile Include="SyzrefundDB\ShinRefundKjn01.cpp">
      <Filter>ソース ファイル\SyzrefundDB</Filter>
    </ClCompile>
    <ClCompile Include="SyzrefundDB\ShinRefundKjn02.cpp">
      <Filter>ソース ファイル\SyzrefundDB</Filter>
    </ClCompile>
    <ClCompile Include="shinfhyo60.cpp">
      <Filter>ソース ファイル</Filter>
    </ClCompile>
    <ClCompile Include="ShinFhyo60Calq.cpp">
      <Filter>ソース ファイル</Filter>
    </ClCompile>
  </ItemGroup>
  <ItemGroup>
    <None Include="res\DBSyz26.rc2">
      <Filter>リソース ファイル</Filter>
    </None>
    <None Include="DBSyz26_2017.def">
      <Filter>ソース ファイル</Filter>
    </None>
    <None Include="DBSyz26D_2017.def">
      <Filter>ソース ファイル</Filter>
    </None>
  </ItemGroup>
  <ItemGroup>
    <ClInclude Include="_Font.h">
      <Filter>ヘッダー ファイル</Filter>
    </ClInclude>
    <ClInclude Include="_Picture.h">
      <Filter>ヘッダー ファイル</Filter>
    </ClInclude>
    <ClInclude Include="ChangeTax.h">
      <Filter>ヘッダー ファイル</Filter>
    </ClInclude>
    <ClInclude Include="ChangeTaxEx.h">
      <Filter>ヘッダー ファイル</Filter>
    </ClInclude>
    <ClInclude Include="ChangeTaxExIdx.h">
      <Filter>ヘッダー ファイル</Filter>
    </ClInclude>
    <ClInclude Include="ChangeTaxIdx.h">
      <Filter>ヘッダー ファイル</Filter>
    </ClInclude>
    <ClInclude Include="ExEdit.h">
      <Filter>ヘッダー ファイル</Filter>
    </ClInclude>
    <ClInclude Include="H26HyoDoc.h">
      <Filter>ヘッダー ファイル</Filter>
    </ClInclude>
    <ClInclude Include="H26HyoView.h">
      <Filter>ヘッダー ファイル</Filter>
    </ClInclude>
    <ClInclude Include="H26SnKskData.h">
      <Filter>ヘッダー ファイル</Filter>
    </ClInclude>
    <ClInclude Include="icsdbedt8ctrl1.h">
      <Filter>ヘッダー ファイル</Filter>
    </ClInclude>
    <ClInclude Include="icsdiagctrl.h">
      <Filter>ヘッダー ファイル</Filter>
    </ClInclude>
    <ClInclude Include="icsdisp8ctrl1.h">
      <Filter>ヘッダー ファイル</Filter>
    </ClInclude>
    <ClInclude Include="icsdisp8ctrl2.h">
      <Filter>ヘッダー ファイル</Filter>
    </ClInclude>
    <ClInclude Include="OrgResource.h">
      <Filter>ヘッダー ファイル</Filter>
    </ClInclude>
    <ClInclude Include="PrePrint.h">
      <Filter>ヘッダー ファイル</Filter>
    </ClInclude>
    <ClInclude Include="PrePrint2.h">
      <Filter>ヘッダー ファイル</Filter>
    </ClInclude>
    <ClInclude Include="PrnReportDlg.h">
      <Filter>ヘッダー ファイル</Filter>
    </ClInclude>
    <ClInclude Include="RefundBaseDialog.h">
      <Filter>ヘッダー ファイル</Filter>
    </ClInclude>
    <ClInclude Include="Resource.h">
      <Filter>ヘッダー ファイル</Filter>
    </ClInclude>
    <ClInclude Include="ShinChsk.h">
      <Filter>ヘッダー ファイル</Filter>
    </ClInclude>
    <ClInclude Include="ShinChskEX.h">
      <Filter>ヘッダー ファイル</Filter>
    </ClInclude>
    <ClInclude Include="ShinChskEXIdx.h">
      <Filter>ヘッダー ファイル</Filter>
    </ClInclude>
    <ClInclude Include="ShinChskIdx.h">
      <Filter>ヘッダー ファイル</Filter>
    </ClInclude>
    <ClInclude Include="ShinFhyo10.h">
      <Filter>ヘッダー ファイル</Filter>
    </ClInclude>
    <ClInclude Include="ShinFhyo10EX.h">
      <Filter>ヘッダー ファイル</Filter>
    </ClInclude>
    <ClInclude Include="ShinFhyo10EXIdx.h">
      <Filter>ヘッダー ファイル</Filter>
    </ClInclude>
    <ClInclude Include="ShinFhyo10Idx.h">
      <Filter>ヘッダー ファイル</Filter>
    </ClInclude>
    <ClInclude Include="ShinFhyo20.h">
      <Filter>ヘッダー ファイル</Filter>
    </ClInclude>
    <ClInclude Include="ShinFhyo20EX.h">
      <Filter>ヘッダー ファイル</Filter>
    </ClInclude>
    <ClInclude Include="ShinFhyo20EXIdx.h">
      <Filter>ヘッダー ファイル</Filter>
    </ClInclude>
    <ClInclude Include="ShinFhyo20Idx.h">
      <Filter>ヘッダー ファイル</Filter>
    </ClInclude>
    <ClInclude Include="ShinFhyo22.h">
      <Filter>ヘッダー ファイル</Filter>
    </ClInclude>
    <ClInclude Include="ShinFhyo22EX.h">
      <Filter>ヘッダー ファイル</Filter>
    </ClInclude>
    <ClInclude Include="ShinFhyo22EXIdx.h">
      <Filter>ヘッダー ファイル</Filter>
    </ClInclude>
    <ClInclude Include="ShinFhyo22Idx.h">
      <Filter>ヘッダー ファイル</Filter>
    </ClInclude>
    <ClInclude Include="ShinFhyo40.h">
      <Filter>ヘッダー ファイル</Filter>
    </ClInclude>
    <ClInclude Include="ShinFhyo40EX.h">
      <Filter>ヘッダー ファイル</Filter>
    </ClInclude>
    <ClInclude Include="ShinFhyo40EXIdx.h">
      <Filter>ヘッダー ファイル</Filter>
    </ClInclude>
    <ClInclude Include="ShinFhyo40Idx.h">
      <Filter>ヘッダー ファイル</Filter>
    </ClInclude>
    <ClInclude Include="ShinFhyo50.h">
      <Filter>ヘッダー ファイル</Filter>
    </ClInclude>
    <ClInclude Include="ShinFhyo50EX.h">
      <Filter>ヘッダー ファイル</Filter>
    </ClInclude>
    <ClInclude Include="ShinFhyo50EXIdx.h">
      <Filter>ヘッダー ファイル</Filter>
    </ClInclude>
    <ClInclude Include="ShinFhyo50Idx.h">
      <Filter>ヘッダー ファイル</Filter>
    </ClInclude>
    <ClInclude Include="ShinFhyo52.h">
      <Filter>ヘッダー ファイル</Filter>
    </ClInclude>
    <ClInclude Include="ShinFhyo522.h">
      <Filter>ヘッダー ファイル</Filter>
    </ClInclude>
    <ClInclude Include="ShinFhyo522EX.h">
      <Filter>ヘッダー ファイル</Filter>
    </ClInclude>
    <ClInclude Include="ShinFhyo522EXIdx.h">
      <Filter>ヘッダー ファイル</Filter>
    </ClInclude>
    <ClInclude Include="ShinFhyo522Idx.h">
      <Filter>ヘッダー ファイル</Filter>
    </ClInclude>
    <ClInclude Include="ShinFhyo52EX.h">
      <Filter>ヘッダー ファイル</Filter>
    </ClInclude>
    <ClInclude Include="ShinFhyo52EXIdx.h">
      <Filter>ヘッダー ファイル</Filter>
    </ClInclude>
    <ClInclude Include="ShinFhyo52Idx.h">
      <Filter>ヘッダー ファイル</Filter>
    </ClInclude>
    <ClInclude Include="ShinHjnKsk.h">
      <Filter>ヘッダー ファイル</Filter>
    </ClInclude>
    <ClInclude Include="ShinHjnKskEX.h">
      <Filter>ヘッダー ファイル</Filter>
    </ClInclude>
    <ClInclude Include="ShinHjnKskEXIdx.h">
      <Filter>ヘッダー ファイル</Filter>
    </ClInclude>
    <ClInclude Include="ShinHjnKskIdx.h">
      <Filter>ヘッダー ファイル</Filter>
    </ClInclude>
    <ClInclude Include="ShinIppan.h">
      <Filter>ヘッダー ファイル</Filter>
    </ClInclude>
    <ClInclude Include="ShinIppanEX.h">
      <Filter>ヘッダー ファイル</Filter>
    </ClInclude>
    <ClInclude Include="ShinIppanEXIdx.h">
      <Filter>ヘッダー ファイル</Filter>
    </ClInclude>
    <ClInclude Include="ShinIppanIdx.h">
      <Filter>ヘッダー ファイル</Filter>
    </ClInclude>
    <ClInclude Include="ShinKani.h">
      <Filter>ヘッダー ファイル</Filter>
    </ClInclude>
    <ClInclude Include="ShinKaniEX.h">
      <Filter>ヘッダー ファイル</Filter>
    </ClInclude>
    <ClInclude Include="ShinKaniEX2.h">
      <Filter>ヘッダー ファイル</Filter>
    </ClInclude>
    <ClInclude Include="ShinKaniEx2Idx.h">
      <Filter>ヘッダー ファイル</Filter>
    </ClInclude>
    <ClInclude Include="ShinKaniExIdx.h">
      <Filter>ヘッダー ファイル</Filter>
    </ClInclude>
    <ClInclude Include="ShinKaniIdx.h">
      <Filter>ヘッダー ファイル</Filter>
    </ClInclude>
    <ClInclude Include="ShinKjnKsk.h">
      <Filter>ヘッダー ファイル</Filter>
    </ClInclude>
    <ClInclude Include="ShinKjnKskEX.h">
      <Filter>ヘッダー ファイル</Filter>
    </ClInclude>
    <ClInclude Include="ShinKjnKskEXIdx.h">
      <Filter>ヘッダー ファイル</Filter>
    </ClInclude>
    <ClInclude Include="ShinKjnKskIdx.h">
      <Filter>ヘッダー ファイル</Filter>
    </ClInclude>
    <ClInclude Include="ShinKskRnd.h">
      <Filter>ヘッダー ファイル</Filter>
    </ClInclude>
    <ClInclude Include="ShinRefundHjn01.h">
      <Filter>ヘッダー ファイル</Filter>
    </ClInclude>
    <ClInclude Include="ShinRefundHjn02.h">
      <Filter>ヘッダー ファイル</Filter>
    </ClInclude>
    <ClInclude Include="ShinRefundKjn01.h">
      <Filter>ヘッダー ファイル</Filter>
    </ClInclude>
    <ClInclude Include="ShinRefundKjn02.h">
      <Filter>ヘッダー ファイル</Filter>
    </ClInclude>
    <ClInclude Include="stdafx.h">
      <Filter>ヘッダー ファイル</Filter>
    </ClInclude>
    <ClInclude Include="Syz26ComDef.h">
      <Filter>ヘッダー ファイル</Filter>
    </ClInclude>
    <ClInclude Include="SyzBaseDlg.h">
      <Filter>ヘッダー ファイル</Filter>
    </ClInclude>
    <ClInclude Include="TKUtiwake.h">
      <Filter>ヘッダー ファイル</Filter>
    </ClInclude>
    <ClInclude Include="TKUtiwakeIdx.h">
      <Filter>ヘッダー ファイル</Filter>
    </ClInclude>
    <ClInclude Include="SyzrefundDB\DiagControlBase.h">
      <Filter>ヘッダー ファイル\SyzrefundDB</Filter>
    </ClInclude>
    <ClInclude Include="SyzrefundDB\DiagCtlKotei.h">
      <Filter>ヘッダー ファイル\SyzrefundDB</Filter>
    </ClInclude>
    <ClInclude Include="SyzrefundDB\DiagCtlMeisai.h">
      <Filter>ヘッダー ファイル\SyzrefundDB</Filter>
    </ClInclude>
    <ClInclude Include="SyzrefundDB\DiagCtlRiyuu.h">
      <Filter>ヘッダー ファイル\SyzrefundDB</Filter>
    </ClInclude>
    <ClInclude Include="SyzrefundDB\DiagCtlShiire.h">
      <Filter>ヘッダー ファイル\SyzrefundDB</Filter>
    </ClInclude>
    <ClInclude Include="SyzrefundDB\DiagCtlShiireHo.h">
      <Filter>ヘッダー ファイル\SyzrefundDB</Filter>
    </ClInclude>
    <ClInclude Include="SyzrefundDB\DiagCtlShiireKo.h">
      <Filter>ヘッダー ファイル\SyzrefundDB</Filter>
    </ClInclude>
    <ClInclude Include="SyzrefundDB\DiagCtlTokusyu.h">
      <Filter>ヘッダー ファイル\SyzrefundDB</Filter>
    </ClInclude>
    <ClInclude Include="SyzrefundDB\DiagCtlTorihiki.h">
      <Filter>ヘッダー ファイル\SyzrefundDB</Filter>
    </ClInclude>
    <ClInclude Include="SyzrefundDB\DiagCtlYsMeisai.h">
      <Filter>ヘッダー ファイル\SyzrefundDB</Filter>
    </ClInclude>
    <ClInclude Include="SyzrefundDB\DiagCtlYusyutsu.h">
      <Filter>ヘッダー ファイル\SyzrefundDB</Filter>
    </ClInclude>
    <ClInclude Include="H26SnRefundData.h">
      <Filter>ヘッダー ファイル\SyzrefundDB</Filter>
    </ClInclude>
    <ClInclude Include="RefundDataDef.h">
      <Filter>ヘッダー ファイル\SyzrefundDB</Filter>
    </ClInclude>
    <ClInclude Include="SyzrefundDB\ShinRefundHjn01.h">
      <Filter>ヘッダー ファイル\SyzrefundDB</Filter>
    </ClInclude>
    <ClInclude Include="SyzrefundDB\ShinRefundHjn02.h">
      <Filter>ヘッダー ファイル\SyzrefundDB</Filter>
    </ClInclude>
    <ClInclude Include="SyzrefundDB\ShinRefundKjn01.h">
      <Filter>ヘッダー ファイル\SyzrefundDB</Filter>
    </ClInclude>
    <ClInclude Include="SyzrefundDB\ShinRefundKjn02.h">
      <Filter>ヘッダー ファイル\SyzrefundDB</Filter>
    </ClInclude>
    <ClInclude Include="SyzrefundDB\Syzrefunddef.h">
      <Filter>ヘッダー ファイル\SyzrefundDB</Filter>
    </ClInclude>
    <ClInclude Include="ShinFhyo60.h">
      <Filter>ヘッダー ファイル</Filter>
    </ClInclude>
    <ClInclude Include="ShinFhyo60Idx.h">
      <Filter>ヘッダー ファイル</Filter>
    </ClInclude>
  </ItemGroup>
  <ItemGroup>
    <ResourceCompile Include="DBSyz26.rc">
      <Filter>リソース ファイル</Filter>
    </ResourceCompile>
  </ItemGroup>
  <ItemGroup>
    <Text Include="ReadMe.txt" />
  </ItemGroup>
</Project>